
Microsoft Visual Studio Solution File, Format Version 12.00
# Visual Studio Version 17
VisualStudioVersion = 17.1.32328.378
MinimumVisualStudioVersion = 10.0.40219.1
Project("{FAE04EC0-301F-11D3-BF4B-00C04F79EFBC}") = "ConsoleClient", "Client\ConsoleClient.csproj", "{C17E846B-5035-4568-B1BB-33024A053404}"
EndProject
Project("{FAE04EC0-301F-11D3-BF4B-00C04F79EFBC}") = "ConsoleListener", "ConsoleListener\ConsoleListener.csproj", "{6A547494-691B-4481-ACC3-C5B9705C84B5}"
EndProject
Global
	GlobalSection(SolutionConfigurationPlatforms) = preSolution
		Debug|Any CPU = Debug|Any CPU
		Release|Any CPU = Release|Any CPU
	EndGlobalSection
	GlobalSection(ProjectConfigurationPlatforms) = postSolution
		{C17E846B-5035-4568-B1BB-33024A053404}.Debug|Any CPU.ActiveCfg = Debug|Any CPU
		{C17E846B-5035-4568-B1BB-33024A053404}.Debug|Any CPU.Build.0 = Debug|Any CPU
		{C17E846B-5035-4568-B1BB-33024A053404}.Release|Any CPU.ActiveCfg = Release|Any CPU
		{C17E846B-5035-4568-B1BB-33024A053404}.Release|Any CPU.Build.0 = Release|Any CPU
		{6A547494-691B-4481-ACC3-C5B9705C84B5}.Debug|Any CPU.ActiveCfg = Debug|Any CPU
		{6A547494-691B-4481-ACC3-C5B9705C84B5}.Debug|Any CPU.Build.0 = Debug|Any CPU
		{6A547494-691B-4481-ACC3-C5B9705C84B5}.Release|Any CPU.ActiveCfg = Release|Any CPU
		{6A547494-691B-4481-ACC3-C5B9705C84B5}.Release|Any CPU.Build.0 = Release|Any CPU
	EndGlobalSection
	GlobalSection(SolutionProperties) = preSolution
		HideSolutionNode = FALSE
	EndGlobalSection
	GlobalSection(ExtensibilityGlobals) = postSolution
		SolutionGuid = {153F71C5-27E6-4581-A1BC-41F14CC04CB0}
	EndGlobalSection
EndGlobal
